// !$*UTF8*$!
{
	archiveVersion = 1;
	classes = {
	};
	objectVersion = 50;
	objects = {

/* Begin PBXBuildFile section */
		8416558F22BFF4EF007DF30E /* HomeView.swift in Sources */ = {isa = PBXBuildFile; fileRef = 8416558E22BFF4EE007DF30E /* HomeView.swift */; };
		8416559622BFF7C6007DF30E /* TaskDetail.swift in Sources */ = {isa = PBXBuildFile; fileRef = 8416559022BFF7C5007DF30E /* TaskDetail.swift */; };
		8416559722BFF7C6007DF30E /* UsersRow.swift in Sources */ = {isa = PBXBuildFile; fileRef = 8416559122BFF7C5007DF30E /* UsersRow.swift */; };
		8416559822BFF7C6007DF30E /* TasksRow.swift in Sources */ = {isa = PBXBuildFile; fileRef = 8416559222BFF7C5007DF30E /* TasksRow.swift */; };
		8416559922BFF7C6007DF30E /* UserDetail.swift in Sources */ = {isa = PBXBuildFile; fileRef = 8416559322BFF7C5007DF30E /* UserDetail.swift */; };
		8416559A22BFF7C6007DF30E /* UsersList.swift in Sources */ = {isa = PBXBuildFile; fileRef = 8416559422BFF7C6007DF30E /* UsersList.swift */; };
		8416559B22BFF7C6007DF30E /* TasksList.swift in Sources */ = {isa = PBXBuildFile; fileRef = 8416559522BFF7C6007DF30E /* TasksList.swift */; };
		841655A322C029E6007DF30E /* SwiftUI_Todo_ReduxTests.swift in Sources */ = {isa = PBXBuildFile; fileRef = 841655A222C029E6007DF30E /* SwiftUI_Todo_ReduxTests.swift */; };
		841655AA22C02AAE007DF30E /* DataStore.swift in Sources */ = {isa = PBXBuildFile; fileRef = 843B2B8722BF494B001E89B6 /* DataStore.swift */; };
		841655AB22C02AAE007DF30E /* User.swift in Sources */ = {isa = PBXBuildFile; fileRef = 843B2B6822BF1E35001E89B6 /* User.swift */; };
		841655AC22C02AAE007DF30E /* UserResponse.swift in Sources */ = {isa = PBXBuildFile; fileRef = 843B2B6922BF1E35001E89B6 /* UserResponse.swift */; };
		841655AD22C02AAE007DF30E /* Task.swift in Sources */ = {isa = PBXBuildFile; fileRef = 843B2B6A22BF1E35001E89B6 /* Task.swift */; };
		841655AE22C02AAE007DF30E /* TaskResponse.swift in Sources */ = {isa = PBXBuildFile; fileRef = 843B2B8822BF494B001E89B6 /* TaskResponse.swift */; };
		841655B622C1E2CF007DF30E /* KeyboardObserver.swift in Sources */ = {isa = PBXBuildFile; fileRef = 841655B422C1E2CF007DF30E /* KeyboardObserver.swift */; };
		841655B722C1E2CF007DF30E /* FormButtons.swift in Sources */ = {isa = PBXBuildFile; fileRef = 841655B522C1E2CF007DF30E /* FormButtons.swift */; };
		841655B922C28590007DF30E /* TaskCreate.swift in Sources */ = {isa = PBXBuildFile; fileRef = 841655B822C28590007DF30E /* TaskCreate.swift */; };
		843B2B4B22BE9B1D001E89B6 /* AppDelegate.swift in Sources */ = {isa = PBXBuildFile; fileRef = 843B2B4A22BE9B1D001E89B6 /* AppDelegate.swift */; };
		843B2B4D22BE9B1D001E89B6 /* SceneDelegate.swift in Sources */ = {isa = PBXBuildFile; fileRef = 843B2B4C22BE9B1D001E89B6 /* SceneDelegate.swift */; };
		843B2B5122BE9B1F001E89B6 /* Assets.xcassets in Resources */ = {isa = PBXBuildFile; fileRef = 843B2B5022BE9B1F001E89B6 /* Assets.xcassets */; };
		843B2B5422BE9B1F001E89B6 /* Preview Assets.xcassets in Resources */ = {isa = PBXBuildFile; fileRef = 843B2B5322BE9B1F001E89B6 /* Preview Assets.xcassets */; };
		843B2B5722BE9B1F001E89B6 /* LaunchScreen.storyboard in Resources */ = {isa = PBXBuildFile; fileRef = 843B2B5522BE9B1F001E89B6 /* LaunchScreen.storyboard */; };
		843B2B6B22BF1E35001E89B6 /* User.swift in Sources */ = {isa = PBXBuildFile; fileRef = 843B2B6822BF1E35001E89B6 /* User.swift */; };
		843B2B6C22BF1E35001E89B6 /* UserResponse.swift in Sources */ = {isa = PBXBuildFile; fileRef = 843B2B6922BF1E35001E89B6 /* UserResponse.swift */; };
		843B2B6D22BF1E35001E89B6 /* Task.swift in Sources */ = {isa = PBXBuildFile; fileRef = 843B2B6A22BF1E35001E89B6 /* Task.swift */; };
		843B2B7C22BF1EB7001E89B6 /* AppState.swift in Sources */ = {isa = PBXBuildFile; fileRef = 843B2B6F22BF1EB7001E89B6 /* AppState.swift */; };
		843B2B7D22BF1EB7001E89B6 /* Reducer.swift in Sources */ = {isa = PBXBuildFile; fileRef = 843B2B7122BF1EB7001E89B6 /* Reducer.swift */; };
		843B2B7E22BF1EB7001E89B6 /* UserStateReducer.swift in Sources */ = {isa = PBXBuildFile; fileRef = 843B2B7222BF1EB7001E89B6 /* UserStateReducer.swift */; };
		843B2B7F22BF1EB7001E89B6 /* TaskStateReducer.swift in Sources */ = {isa = PBXBuildFile; fileRef = 843B2B7322BF1EB7001E89B6 /* TaskStateReducer.swift */; };
		843B2B8022BF1EB7001E89B6 /* TaskActions.swift in Sources */ = {isa = PBXBuildFile; fileRef = 843B2B7522BF1EB7001E89B6 /* TaskActions.swift */; };
		843B2B8122BF1EB7001E89B6 /* Action.swift in Sources */ = {isa = PBXBuildFile; fileRef = 843B2B7622BF1EB7001E89B6 /* Action.swift */; };
		843B2B8222BF1EB7001E89B6 /* UserActions.swift in Sources */ = {isa = PBXBuildFile; fileRef = 843B2B7722BF1EB7001E89B6 /* UserActions.swift */; };
		843B2B8322BF1EB7001E89B6 /* UsersState.swift in Sources */ = {isa = PBXBuildFile; fileRef = 843B2B7922BF1EB7001E89B6 /* UsersState.swift */; };
		843B2B8422BF1EB7001E89B6 /* FluxState.swift in Sources */ = {isa = PBXBuildFile; fileRef = 843B2B7A22BF1EB7001E89B6 /* FluxState.swift */; };
		843B2B8522BF1EB7001E89B6 /* TasksState.swift in Sources */ = {isa = PBXBuildFile; fileRef = 843B2B7B22BF1EB7001E89B6 /* TasksState.swift */; };
		843B2B8922BF494B001E89B6 /* DataStore.swift in Sources */ = {isa = PBXBuildFile; fileRef = 843B2B8722BF494B001E89B6 /* DataStore.swift */; };
		843B2B8A22BF494B001E89B6 /* TaskResponse.swift in Sources */ = {isa = PBXBuildFile; fileRef = 843B2B8822BF494B001E89B6 /* TaskResponse.swift */; };
/* End PBXBuildFile section */

/* Begin PBXContainerItemProxy section */
		841655A522C029E6007DF30E /* PBXContainerItemProxy */ = {
			isa = PBXContainerItemProxy;
			containerPortal = 843B2B3F22BE9B1D001E89B6 /* Project object */;
			proxyType = 1;
			remoteGlobalIDString = 843B2B4622BE9B1D001E89B6;
			remoteInfo = "SwiftUI-Todo-Redux";
		};
/* End PBXContainerItemProxy section */

/* Begin PBXFileReference section */
		8416558E22BFF4EE007DF30E /* HomeView.swift */ = {isa = PBXFileReference; fileEncoding = 4; lastKnownFileType = sourcecode.swift; path = HomeView.swift; sourceTree = "<group>"; };
		8416559022BFF7C5007DF30E /* TaskDetail.swift */ = {isa = PBXFileReference; fileEncoding = 4; lastKnownFileType = sourcecode.swift; path = TaskDetail.swift; sourceTree = "<group>"; };
		8416559122BFF7C5007DF30E /* UsersRow.swift */ = {isa = PBXFileReference; fileEncoding = 4; lastKnownFileType = sourcecode.swift; path = UsersRow.swift; sourceTree = "<group>"; };
		8416559222BFF7C5007DF30E /* TasksRow.swift */ = {isa = PBXFileReference; fileEncoding = 4; lastKnownFileType = sourcecode.swift; path = TasksRow.swift; sourceTree = "<group>"; };
		8416559322BFF7C5007DF30E /* UserDetail.swift */ = {isa = PBXFileReference; fileEncoding = 4; lastKnownFileType = sourcecode.swift; path = UserDetail.swift; sourceTree = "<group>"; };
		8416559422BFF7C6007DF30E /* UsersList.swift */ = {isa = PBXFileReference; fileEncoding = 4; lastKnownFileType = sourcecode.swift; path = UsersList.swift; sourceTree = "<group>"; };
		8416559522BFF7C6007DF30E /* TasksList.swift */ = {isa = PBXFileReference; fileEncoding = 4; lastKnownFileType = sourcecode.swift; path = TasksList.swift; sourceTree = "<group>"; };
		841655A022C029E6007DF30E /* SwiftUI-Todo-ReduxTests.xctest */ = {isa = PBXFileReference; explicitFileType = wrapper.cfbundle; includeInIndex = 0; path = "SwiftUI-Todo-ReduxTests.xctest"; sourceTree = BUILT_PRODUCTS_DIR; };
		841655A222C029E6007DF30E /* SwiftUI_Todo_ReduxTests.swift */ = {isa = PBXFileReference; lastKnownFileType = sourcecode.swift; path = SwiftUI_Todo_ReduxTests.swift; sourceTree = "<group>"; };
		841655A422C029E6007DF30E /* Info.plist */ = {isa = PBXFileReference; lastKnownFileType = text.plist.xml; path = Info.plist; sourceTree = "<group>"; };
		841655B422C1E2CF007DF30E /* KeyboardObserver.swift */ = {isa = PBXFileReference; fileEncoding = 4; lastKnownFileType = sourcecode.swift; path = KeyboardObserver.swift; sourceTree = "<group>"; };
		841655B522C1E2CF007DF30E /* FormButtons.swift */ = {isa = PBXFileReference; fileEncoding = 4; lastKnownFileType = sourcecode.swift; path = FormButtons.swift; sourceTree = "<group>"; };
		841655B822C28590007DF30E /* TaskCreate.swift */ = {isa = PBXFileReference; fileEncoding = 4; lastKnownFileType = sourcecode.swift; path = TaskCreate.swift; sourceTree = "<group>"; };
		843B2B4722BE9B1D001E89B6 /* SwiftUI-Todo-Redux.app */ = {isa = PBXFileReference; explicitFileType = wrapper.application; includeInIndex = 0; path = "SwiftUI-Todo-Redux.app"; sourceTree = BUILT_PRODUCTS_DIR; };
		843B2B4A22BE9B1D001E89B6 /* AppDelegate.swift */ = {isa = PBXFileReference; lastKnownFileType = sourcecode.swift; path = AppDelegate.swift; sourceTree = "<group>"; };
		843B2B4C22BE9B1D001E89B6 /* SceneDelegate.swift */ = {isa = PBXFileReference; lastKnownFileType = sourcecode.swift; path = SceneDelegate.swift; sourceTree = "<group>"; };
		843B2B5022BE9B1F001E89B6 /* Assets.xcassets */ = {isa = PBXFileReference; lastKnownFileType = folder.assetcatalog; path = Assets.xcassets; sourceTree = "<group>"; };
		843B2B5322BE9B1F001E89B6 /* Preview Assets.xcassets */ = {isa = PBXFileReference; lastKnownFileType = folder.assetcatalog; path = "Preview Assets.xcassets"; sourceTree = "<group>"; };
		843B2B5622BE9B1F001E89B6 /* Base */ = {isa = PBXFileReference; lastKnownFileType = file.storyboard; name = Base; path = Base.lproj/LaunchScreen.storyboard; sourceTree = "<group>"; };
		843B2B5822BE9B1F001E89B6 /* Info.plist */ = {isa = PBXFileReference; lastKnownFileType = text.plist.xml; path = Info.plist; sourceTree = "<group>"; };
		843B2B6822BF1E35001E89B6 /* User.swift */ = {isa = PBXFileReference; fileEncoding = 4; lastKnownFileType = sourcecode.swift; path = User.swift; sourceTree = "<group>"; };
		843B2B6922BF1E35001E89B6 /* UserResponse.swift */ = {isa = PBXFileReference; fileEncoding = 4; lastKnownFileType = sourcecode.swift; path = UserResponse.swift; sourceTree = "<group>"; };
		843B2B6A22BF1E35001E89B6 /* Task.swift */ = {isa = PBXFileReference; fileEncoding = 4; lastKnownFileType = sourcecode.swift; path = Task.swift; sourceTree = "<group>"; };
		843B2B6F22BF1EB7001E89B6 /* AppState.swift */ = {isa = PBXFileReference; fileEncoding = 4; lastKnownFileType = sourcecode.swift; path = AppState.swift; sourceTree = "<group>"; };
		843B2B7122BF1EB7001E89B6 /* Reducer.swift */ = {isa = PBXFileReference; fileEncoding = 4; lastKnownFileType = sourcecode.swift; path = Reducer.swift; sourceTree = "<group>"; };
		843B2B7222BF1EB7001E89B6 /* UserStateReducer.swift */ = {isa = PBXFileReference; fileEncoding = 4; lastKnownFileType = sourcecode.swift; path = UserStateReducer.swift; sourceTree = "<group>"; };
		843B2B7322BF1EB7001E89B6 /* TaskStateReducer.swift */ = {isa = PBXFileReference; fileEncoding = 4; lastKnownFileType = sourcecode.swift; path = TaskStateReducer.swift; sourceTree = "<group>"; };
		843B2B7522BF1EB7001E89B6 /* TaskActions.swift */ = {isa = PBXFileReference; fileEncoding = 4; lastKnownFileType = sourcecode.swift; path = TaskActions.swift; sourceTree = "<group>"; };
		843B2B7622BF1EB7001E89B6 /* Action.swift */ = {isa = PBXFileReference; fileEncoding = 4; lastKnownFileType = sourcecode.swift; path = Action.swift; sourceTree = "<group>"; };
		843B2B7722BF1EB7001E89B6 /* UserActions.swift */ = {isa = PBXFileReference; fileEncoding = 4; lastKnownFileType = sourcecode.swift; path = UserActions.swift; sourceTree = "<group>"; };
		843B2B7922BF1EB7001E89B6 /* UsersState.swift */ = {isa = PBXFileReference; fileEncoding = 4; lastKnownFileType = sourcecode.swift; path = UsersState.swift; sourceTree = "<group>"; };
		843B2B7A22BF1EB7001E89B6 /* FluxState.swift */ = {isa = PBXFileReference; fileEncoding = 4; lastKnownFileType = sourcecode.swift; path = FluxState.swift; sourceTree = "<group>"; };
		843B2B7B22BF1EB7001E89B6 /* TasksState.swift */ = {isa = PBXFileReference; fileEncoding = 4; lastKnownFileType = sourcecode.swift; path = TasksState.swift; sourceTree = "<group>"; };
		843B2B8622BF2983001E89B6 /* README.md */ = {isa = PBXFileReference; lastKnownFileType = net.daringfireball.markdown; path = README.md; sourceTree = "<group>"; };
		843B2B8722BF494B001E89B6 /* DataStore.swift */ = {isa = PBXFileReference; fileEncoding = 4; lastKnownFileType = sourcecode.swift; path = DataStore.swift; sourceTree = "<group>"; };
		843B2B8822BF494B001E89B6 /* TaskResponse.swift */ = {isa = PBXFileReference; fileEncoding = 4; lastKnownFileType = sourcecode.swift; path = TaskResponse.swift; sourceTree = "<group>"; };
/* End PBXFileReference section */

/* Begin PBXFrameworksBuildPhase section */
		8416559D22C029E6007DF30E /* Frameworks */ = {
			isa = PBXFrameworksBuildPhase;
			buildActionMask = 2147483647;
			files = (
			);
			runOnlyForDeploymentPostprocessing = 0;
		};
		843B2B4422BE9B1D001E89B6 /* Frameworks */ = {
			isa = PBXFrameworksBuildPhase;
			buildActionMask = 2147483647;
			files = (
			);
			runOnlyForDeploymentPostprocessing = 0;
		};
/* End PBXFrameworksBuildPhase section */

/* Begin PBXGroup section */
		841655A122C029E6007DF30E /* SwiftUI-Todo-ReduxTests */ = {
			isa = PBXGroup;
			children = (
				841655A222C029E6007DF30E /* SwiftUI_Todo_ReduxTests.swift */,
				841655A422C029E6007DF30E /* Info.plist */,
			);
			path = "SwiftUI-Todo-ReduxTests";
			sourceTree = "<group>";
		};
		841655AF22C140B4007DF30E /* tasks */ = {
			isa = PBXGroup;
			children = (
				8416559522BFF7C6007DF30E /* TasksList.swift */,
				8416559022BFF7C5007DF30E /* TaskDetail.swift */,
				841655B822C28590007DF30E /* TaskCreate.swift */,
				8416559222BFF7C5007DF30E /* TasksRow.swift */,
			);
			path = tasks;
			sourceTree = "<group>";
		};
		841655B022C140FE007DF30E /* users */ = {
			isa = PBXGroup;
			children = (
				8416559422BFF7C6007DF30E /* UsersList.swift */,
				8416559322BFF7C5007DF30E /* UserDetail.swift */,
				8416559122BFF7C5007DF30E /* UsersRow.swift */,
			);
			path = users;
			sourceTree = "<group>";
		};
		841655B322C1E2CF007DF30E /* common */ = {
			isa = PBXGroup;
			children = (
				841655B422C1E2CF007DF30E /* KeyboardObserver.swift */,
				841655B522C1E2CF007DF30E /* FormButtons.swift */,
			);
			path = common;
			sourceTree = "<group>";
		};
		843B2B3E22BE9B1D001E89B6 = {
			isa = PBXGroup;
			children = (
				843B2B8622BF2983001E89B6 /* README.md */,
				843B2B4922BE9B1D001E89B6 /* SwiftUI-Todo-Redux */,
				841655A122C029E6007DF30E /* SwiftUI-Todo-ReduxTests */,
				843B2B4822BE9B1D001E89B6 /* Products */,
			);
			sourceTree = "<group>";
		};
		843B2B4822BE9B1D001E89B6 /* Products */ = {
			isa = PBXGroup;
			children = (
				843B2B4722BE9B1D001E89B6 /* SwiftUI-Todo-Redux.app */,
				841655A022C029E6007DF30E /* SwiftUI-Todo-ReduxTests.xctest */,
			);
			name = Products;
			sourceTree = "<group>";
		};
		843B2B4922BE9B1D001E89B6 /* SwiftUI-Todo-Redux */ = {
			isa = PBXGroup;
			children = (
				843B2B4A22BE9B1D001E89B6 /* AppDelegate.swift */,
				843B2B4C22BE9B1D001E89B6 /* SceneDelegate.swift */,
				843B2B6422BF1E1D001E89B6 /* views */,
				843B2B6722BF1E35001E89B6 /* models */,
				843B2B6E22BF1EB7001E89B6 /* states */,
				843B2B5522BE9B1F001E89B6 /* LaunchScreen.storyboard */,
				843B2B5022BE9B1F001E89B6 /* Assets.xcassets */,
				843B2B5822BE9B1F001E89B6 /* Info.plist */,
				843B2B5222BE9B1F001E89B6 /* Preview Content */,
			);
			path = "SwiftUI-Todo-Redux";
			sourceTree = "<group>";
		};
		843B2B5222BE9B1F001E89B6 /* Preview Content */ = {
			isa = PBXGroup;
			children = (
				843B2B5322BE9B1F001E89B6 /* Preview Assets.xcassets */,
			);
			path = "Preview Content";
			sourceTree = "<group>";
		};
		843B2B6422BF1E1D001E89B6 /* views */ = {
			isa = PBXGroup;
			children = (
				8416558E22BFF4EE007DF30E /* HomeView.swift */,
				841655B322C1E2CF007DF30E /* common */,
				841655AF22C140B4007DF30E /* tasks */,
				841655B022C140FE007DF30E /* users */,
			);
			path = views;
			sourceTree = "<group>";
		};
		843B2B6722BF1E35001E89B6 /* models */ = {
			isa = PBXGroup;
			children = (
				843B2B8722BF494B001E89B6 /* DataStore.swift */,
				843B2B6822BF1E35001E89B6 /* User.swift */,
				843B2B6922BF1E35001E89B6 /* UserResponse.swift */,
				843B2B6A22BF1E35001E89B6 /* Task.swift */,
				843B2B8822BF494B001E89B6 /* TaskResponse.swift */,
			);
			path = models;
			sourceTree = "<group>";
		};
		843B2B6E22BF1EB7001E89B6 /* states */ = {
			isa = PBXGroup;
			children = (
				843B2B6F22BF1EB7001E89B6 /* AppState.swift */,
				843B2B7422BF1EB7001E89B6 /* actions */,
				843B2B7022BF1EB7001E89B6 /* reducers-statemachine */,
				843B2B7822BF1EB7001E89B6 /* flux-substate */,
			);
			name = states;
			path = "SwiftUI-Todo-Redux/states";
			sourceTree = SOURCE_ROOT;
		};
		843B2B7022BF1EB7001E89B6 /* reducers-statemachine */ = {
			isa = PBXGroup;
			children = (
				843B2B7122BF1EB7001E89B6 /* Reducer.swift */,
				843B2B7222BF1EB7001E89B6 /* UserStateReducer.swift */,
				843B2B7322BF1EB7001E89B6 /* TaskStateReducer.swift */,
			);
			path = "reducers-statemachine";
			sourceTree = "<group>";
		};
		843B2B7422BF1EB7001E89B6 /* actions */ = {
			isa = PBXGroup;
			children = (
				843B2B7622BF1EB7001E89B6 /* Action.swift */,
				843B2B7722BF1EB7001E89B6 /* UserActions.swift */,
				843B2B7522BF1EB7001E89B6 /* TaskActions.swift */,
			);
			path = actions;
			sourceTree = "<group>";
		};
		843B2B7822BF1EB7001E89B6 /* flux-substate */ = {
			isa = PBXGroup;
			children = (
				843B2B7A22BF1EB7001E89B6 /* FluxState.swift */,
				843B2B7922BF1EB7001E89B6 /* UsersState.swift */,
				843B2B7B22BF1EB7001E89B6 /* TasksState.swift */,
			);
			path = "flux-substate";
			sourceTree = "<group>";
		};
/* End PBXGroup section */

/* Begin PBXNativeTarget section */
		8416559F22C029E6007DF30E /* SwiftUI-Todo-ReduxTests */ = {
			isa = PBXNativeTarget;
			buildConfigurationList = 841655A722C029E6007DF30E /* Build configuration list for PBXNativeTarget "SwiftUI-Todo-ReduxTests" */;
			buildPhases = (
				8416559C22C029E6007DF30E /* Sources */,
				8416559D22C029E6007DF30E /* Frameworks */,
				8416559E22C029E6007DF30E /* Resources */,
			);
			buildRules = (
			);
			dependencies = (
				841655A622C029E6007DF30E /* PBXTargetDependency */,
			);
			name = "SwiftUI-Todo-ReduxTests";
			productName = "SwiftUI-Todo-ReduxTests";
			productReference = 841655A022C029E6007DF30E /* SwiftUI-Todo-ReduxTests.xctest */;
			productType = "com.apple.product-type.bundle.unit-test";
		};
		843B2B4622BE9B1D001E89B6 /* SwiftUI-Todo-Redux */ = {
			isa = PBXNativeTarget;
			buildConfigurationList = 843B2B5B22BE9B1F001E89B6 /* Build configuration list for PBXNativeTarget "SwiftUI-Todo-Redux" */;
			buildPhases = (
				843B2B4322BE9B1D001E89B6 /* Sources */,
				843B2B4422BE9B1D001E89B6 /* Frameworks */,
				843B2B4522BE9B1D001E89B6 /* Resources */,
			);
			buildRules = (
			);
			dependencies = (
			);
			name = "SwiftUI-Todo-Redux";
			productName = "SwiftUI-Todo-Redux";
			productReference = 843B2B4722BE9B1D001E89B6 /* SwiftUI-Todo-Redux.app */;
			productType = "com.apple.product-type.application";
		};
/* End PBXNativeTarget section */

/* Begin PBXProject section */
		843B2B3F22BE9B1D001E89B6 /* Project object */ = {
			isa = PBXProject;
			attributes = {
				LastSwiftUpdateCheck = 1100;
				LastUpgradeCheck = 1100;
				ORGANIZATIONNAME = admin;
				TargetAttributes = {
					8416559F22C029E6007DF30E = {
						CreatedOnToolsVersion = 11.0;
						TestTargetID = 843B2B4622BE9B1D001E89B6;
					};
					843B2B4622BE9B1D001E89B6 = {
						CreatedOnToolsVersion = 11.0;
					};
				};
			};
			buildConfigurationList = 843B2B4222BE9B1D001E89B6 /* Build configuration list for PBXProject "SwiftUI-Todo-Redux" */;
			compatibilityVersion = "Xcode 9.3";
			developmentRegion = en;
			hasScannedForEncodings = 0;
			knownRegions = (
				en,
				Base,
			);
			mainGroup = 843B2B3E22BE9B1D001E89B6;
			productRefGroup = 843B2B4822BE9B1D001E89B6 /* Products */;
			projectDirPath = "";
			projectRoot = "";
			targets = (
				843B2B4622BE9B1D001E89B6 /* SwiftUI-Todo-Redux */,
				8416559F22C029E6007DF30E /* SwiftUI-Todo-ReduxTests */,
			);
		};
/* End PBXProject section */

/* Begin PBXResourcesBuildPhase section */
		8416559E22C029E6007DF30E /* Resources */ = {
			isa = PBXResourcesBuildPhase;
			buildActionMask = 2147483647;
			files = (
			);
			runOnlyForDeploymentPostprocessing = 0;
		};
		843B2B4522BE9B1D001E89B6 /* Resources */ = {
			isa = PBXResourcesBuildPhase;
			buildActionMask = 2147483647;
			files = (
				843B2B5722BE9B1F001E89B6 /* LaunchScreen.storyboard in Resources */,
				843B2B5422BE9B1F001E89B6 /* Preview Assets.xcassets in Resources */,
				843B2B5122BE9B1F001E89B6 /* Assets.xcassets in Resources */,
			);
			runOnlyForDeploymentPostprocessing = 0;
		};
/* End PBXResourcesBuildPhase section */

/* Begin PBXSourcesBuildPhase section */
		8416559C22C029E6007DF30E /* Sources */ = {
			isa = PBXSourcesBuildPhase;
			buildActionMask = 2147483647;
			files = (
				841655A322C029E6007DF30E /* SwiftUI_Todo_ReduxTests.swift in Sources */,
				841655AA22C02AAE007DF30E /* DataStore.swift in Sources */,
				841655AD22C02AAE007DF30E /* Task.swift in Sources */,
				841655AE22C02AAE007DF30E /* TaskResponse.swift in Sources */,
				841655AB22C02AAE007DF30E /* User.swift in Sources */,
				841655AC22C02AAE007DF30E /* UserResponse.swift in Sources */,
			);
			runOnlyForDeploymentPostprocessing = 0;
		};
		843B2B4322BE9B1D001E89B6 /* Sources */ = {
			isa = PBXSourcesBuildPhase;
			buildActionMask = 2147483647;
			files = (
				843B2B8322BF1EB7001E89B6 /* UsersState.swift in Sources */,
				843B2B6C22BF1E35001E89B6 /* UserResponse.swift in Sources */,
				843B2B8922BF494B001E89B6 /* DataStore.swift in Sources */,
				843B2B8522BF1EB7001E89B6 /* TasksState.swift in Sources */,
				8416559822BFF7C6007DF30E /* TasksRow.swift in Sources */,
				843B2B8122BF1EB7001E89B6 /* Action.swift in Sources */,
				843B2B8022BF1EB7001E89B6 /* TaskActions.swift in Sources */,
				843B2B8422BF1EB7001E89B6 /* FluxState.swift in Sources */,
				843B2B7F22BF1EB7001E89B6 /* TaskStateReducer.swift in Sources */,
				843B2B7E22BF1EB7001E89B6 /* UserStateReducer.swift in Sources */,
				843B2B8A22BF494B001E89B6 /* TaskResponse.swift in Sources */,
				843B2B8222BF1EB7001E89B6 /* UserActions.swift in Sources */,
				8416559B22BFF7C6007DF30E /* TasksList.swift in Sources */,
				841655B722C1E2CF007DF30E /* FormButtons.swift in Sources */,
				8416559A22BFF7C6007DF30E /* UsersList.swift in Sources */,
				841655B622C1E2CF007DF30E /* KeyboardObserver.swift in Sources */,
				843B2B6B22BF1E35001E89B6 /* User.swift in Sources */,
				843B2B7D22BF1EB7001E89B6 /* Reducer.swift in Sources */,
				843B2B7C22BF1EB7001E89B6 /* AppState.swift in Sources */,
				8416559622BFF7C6007DF30E /* TaskDetail.swift in Sources */,
				843B2B4B22BE9B1D001E89B6 /* AppDelegate.swift in Sources */,
				843B2B4D22BE9B1D001E89B6 /* SceneDelegate.swift in Sources */,
				843B2B6D22BF1E35001E89B6 /* Task.swift in Sources */,
				8416558F22BFF4EF007DF30E /* HomeView.swift in Sources */,
				8416559722BFF7C6007DF30E /* UsersRow.swift in Sources */,
				841655B922C28590007DF30E /* TaskCreate.swift in Sources */,
				8416559922BFF7C6007DF30E /* UserDetail.swift in Sources */,
			);
			runOnlyForDeploymentPostprocessing = 0;
		};
/* End PBXSourcesBuildPhase section */

/* Begin PBXTargetDependency section */
		841655A622C029E6007DF30E /* PBXTargetDependency */ = {
			isa = PBXTargetDependency;
			target = 843B2B4622BE9B1D001E89B6 /* SwiftUI-Todo-Redux */;
			targetProxy = 841655A522C029E6007DF30E /* PBXContainerItemProxy */;
		};
/* End PBXTargetDependency section */

/* Begin PBXVariantGroup section */
		843B2B5522BE9B1F001E89B6 /* LaunchScreen.storyboard */ = {
			isa = PBXVariantGroup;
			children = (
				843B2B5622BE9B1F001E89B6 /* Base */,
			);
			name = LaunchScreen.storyboard;
			sourceTree = "<group>";
		};
/* End PBXVariantGroup section */

/* Begin XCBuildConfiguration section */
		841655A822C029E6007DF30E /* Debug */ = {
			isa = XCBuildConfiguration;
			buildSettings = {
				BUNDLE_LOADER = "$(TEST_HOST)";
				CODE_SIGN_STYLE = Automatic;
				INFOPLIST_FILE = "SwiftUI-Todo-ReduxTests/Info.plist";
				LD_RUNPATH_SEARCH_PATHS = (
					"$(inherited)",
					"@executable_path/Frameworks",
					"@loader_path/Frameworks",
				);
				PRODUCT_BUNDLE_IDENTIFIER = "com.demo.SwiftUI-Todo-ReduxTests";
				PRODUCT_NAME = "$(TARGET_NAME)";
				SWIFT_VERSION = 5.0;
				TARGETED_DEVICE_FAMILY = "1,2";
				TEST_HOST = "$(BUILT_PRODUCTS_DIR)/SwiftUI-Todo-Redux.app/SwiftUI-Todo-Redux";
			};
			name = Debug;
		};
		841655A922C029E6007DF30E /* Release */ = {
			isa = XCBuildConfiguration;
			buildSettings = {
				BUNDLE_LOADER = "$(TEST_HOST)";
				CODE_SIGN_STYLE = Automatic;
				INFOPLIST_FILE = "SwiftUI-Todo-ReduxTests/Info.plist";
				LD_RUNPATH_SEARCH_PATHS = (
					"$(inherited)",
					"@executable_path/Frameworks",
					"@loader_path/Frameworks",
				);
				PRODUCT_BUNDLE_IDENTIFIER = "com.demo.SwiftUI-Todo-ReduxTests";
				PRODUCT_NAME = "$(TARGET_NAME)";
				SWIFT_VERSION = 5.0;
				TARGETED_DEVICE_FAMILY = "1,2";
				TEST_HOST = "$(BUILT_PRODUCTS_DIR)/SwiftUI-Todo-Redux.app/SwiftUI-Todo-Redux";
			};
			name = Release;
		};
		843B2B5922BE9B1F001E89B6 /* Debug */ = {
			isa = XCBuildConfiguration;
			buildSettings = {
				ALWAYS_SEARCH_USER_PATHS = NO;
				CLANG_ANALYZER_NONNULL = YES;
				CLANG_ANALYZER_NUMBER_OBJECT_CONVERSION = YES_AGGRESSIVE;
				CLANG_CXX_LANGUAGE_STANDARD = "gnu++14";
				CLANG_CXX_LIBRARY = "libc++";
				CLANG_ENABLE_MODULES = YES;
				CLANG_ENABLE_OBJC_ARC = YES;
				CLANG_ENABLE_OBJC_WEAK = YES;
				CLANG_WARN_BLOCK_CAPTURE_AUTORELEASING = YES;
				CLANG_WARN_BOOL_CONVERSION = YES;
				CLANG_WARN_COMMA = YES;
				CLANG_WARN_CONSTANT_CONVERSION = YES;
				CLANG_WARN_DEPRECATED_OBJC_IMPLEMENTATIONS = YES;
				CLANG_WARN_DIRECT_OBJC_ISA_USAGE = YES_ERROR;
				CLANG_WARN_DOCUMENTATION_COMMENTS = YES;
				CLANG_WARN_EMPTY_BODY = YES;
				CLANG_WARN_ENUM_CONVERSION = YES;
				CLANG_WARN_INFINITE_RECURSION = YES;
				CLANG_WARN_INT_CONVERSION = YES;
				CLANG_WARN_NON_LITERAL_NULL_CONVERSION = YES;
				CLANG_WARN_OBJC_IMPLICIT_RETAIN_SELF = YES;
				CLANG_WARN_OBJC_LITERAL_CONVERSION = YES;
				CLANG_WARN_OBJC_ROOT_CLASS = YES_ERROR;
				CLANG_WARN_RANGE_LOOP_ANALYSIS = YES;
				CLANG_WARN_STRICT_PROTOTYPES = YES;
				CLANG_WARN_SUSPICIOUS_MOVE = YES;
				CLANG_WARN_UNGUARDED_AVAILABILITY = YES_AGGRESSIVE;
				CLANG_WARN_UNREACHABLE_CODE = YES;
				CLANG_WARN__DUPLICATE_METHOD_MATCH = YES;
				COPY_PHASE_STRIP = NO;
				DEBUG_INFORMATION_FORMAT = dwarf;
				ENABLE_STRICT_OBJC_MSGSEND = YES;
				ENABLE_TESTABILITY = YES;
				GCC_C_LANGUAGE_STANDARD = gnu11;
				GCC_DYNAMIC_NO_PIC = NO;
				GCC_NO_COMMON_BLOCKS = YES;
				GCC_OPTIMIZATION_LEVEL = 0;
				GCC_PREPROCESSOR_DEFINITIONS = (
					"DEBUG=1",
					"$(inherited)",
				);
				GCC_WARN_64_TO_32_BIT_CONVERSION = YES;
				GCC_WARN_ABOUT_RETURN_TYPE = YES_ERROR;
				GCC_WARN_UNDECLARED_SELECTOR = YES;
				GCC_WARN_UNINITIALIZED_AUTOS = YES_AGGRESSIVE;
				GCC_WARN_UNUSED_FUNCTION = YES;
				GCC_WARN_UNUSED_VARIABLE = YES;
				IPHONEOS_DEPLOYMENT_TARGET = 13.0;
				MTL_ENABLE_DEBUG_INFO = INCLUDE_SOURCE;
				MTL_FAST_MATH = YES;
				ONLY_ACTIVE_ARCH = YES;
				SDKROOT = iphoneos;
				SWIFT_ACTIVE_COMPILATION_CONDITIONS = DEBUG;
				SWIFT_OPTIMIZATION_LEVEL = "-Onone";
			};
			name = Debug;
		};
		843B2B5A22BE9B1F001E89B6 /* Release */ = {
			isa = XCBuildConfiguration;
			buildSettings = {
				ALWAYS_SEARCH_USER_PATHS = NO;
				CLANG_ANALYZER_NONNULL = YES;
				CLANG_ANALYZER_NUMBER_OBJECT_CONVERSION = YES_AGGRESSIVE;
				CLANG_CXX_LANGUAGE_STANDARD = "gnu++14";
				CLANG_CXX_LIBRARY = "libc++";
				CLANG_ENABLE_MODULES = YES;
				CLANG_ENABLE_OBJC_ARC = YES;
				CLANG_ENABLE_OBJC_WEAK = YES;
				CLANG_WARN_BLOCK_CAPTURE_AUTORELEASING = YES;
				CLANG_WARN_BOOL_CONVERSION = YES;
				CLANG_WARN_COMMA = YES;
				CLANG_WARN_CONSTANT_CONVERSION = YES;
				CLANG_WARN_DEPRECATED_OBJC_IMPLEMENTATIONS = YES;
				CLANG_WARN_DIRECT_OBJC_ISA_USAGE = YES_ERROR;
				CLANG_WARN_DOCUMENTATION_COMMENTS = YES;
				CLANG_WARN_EMPTY_BODY = YES;
				CLANG_WARN_ENUM_CONVERSION = YES;
				CLANG_WARN_INFINITE_RECURSION = YES;
				CLANG_WARN_INT_CONVERSION = YES;
				CLANG_WARN_NON_LITERAL_NULL_CONVERSION = YES;
				CLANG_WARN_OBJC_IMPLICIT_RETAIN_SELF = YES;
				CLANG_WARN_OBJC_LITERAL_CONVERSION = YES;
				CLANG_WARN_OBJC_ROOT_CLASS = YES_ERROR;
				CLANG_WARN_RANGE_LOOP_ANALYSIS = YES;
				CLANG_WARN_STRICT_PROTOTYPES = YES;
				CLANG_WARN_SUSPICIOUS_MOVE = YES;
				CLANG_WARN_UNGUARDED_AVAILABILITY = YES_AGGRESSIVE;
				CLANG_WARN_UNREACHABLE_CODE = YES;
				CLANG_WARN__DUPLICATE_METHOD_MATCH = YES;
				COPY_PHASE_STRIP = NO;
				DEBUG_INFORMATION_FORMAT = "dwarf-with-dsym";
				ENABLE_NS_ASSERTIONS = NO;
				ENABLE_STRICT_OBJC_MSGSEND = YES;
				GCC_C_LANGUAGE_STANDARD = gnu11;
				GCC_NO_COMMON_BLOCKS = YES;
				GCC_WARN_64_TO_32_BIT_CONVERSION = YES;
				GCC_WARN_ABOUT_RETURN_TYPE = YES_ERROR;
				GCC_WARN_UNDECLARED_SELECTOR = YES;
				GCC_WARN_UNINITIALIZED_AUTOS = YES_AGGRESSIVE;
				GCC_WARN_UNUSED_FUNCTION = YES;
				GCC_WARN_UNUSED_VARIABLE = YES;
				IPHONEOS_DEPLOYMENT_TARGET = 13.0;
				MTL_ENABLE_DEBUG_INFO = NO;
				MTL_FAST_MATH = YES;
				SDKROOT = iphoneos;
				SWIFT_COMPILATION_MODE = wholemodule;
				SWIFT_OPTIMIZATION_LEVEL = "-O";
				VALIDATE_PRODUCT = YES;
			};
			name = Release;
		};
		843B2B5C22BE9B1F001E89B6 /* Debug */ = {
			isa = XCBuildConfiguration;
			buildSettings = {
				ASSETCATALOG_COMPILER_APPICON_NAME = AppIcon;
				CODE_SIGN_STYLE = Automatic;
				DEVELOPMENT_ASSET_PATHS = "SwiftUI-Todo-Redux/Preview\\ Content";
				ENABLE_PREVIEWS = YES;
				INFOPLIST_FILE = "SwiftUI-Todo-Redux/Info.plist";
				LD_RUNPATH_SEARCH_PATHS = (
					"$(inherited)",
					"@executable_path/Frameworks",
				);
				PRODUCT_BUNDLE_IDENTIFIER = "com.demo.SwiftUI-Todo-Redux";
				PRODUCT_NAME = "$(TARGET_NAME)";
				SWIFT_VERSION = 5.0;
				TARGETED_DEVICE_FAMILY = "1,2";
			};
			name = Debug;
		};
		843B2B5D22BE9B1F001E89B6 /* Release */ = {
			isa = XCBuildConfiguration;
			buildSettings = {
				ASSETCATALOG_COMPILER_APPICON_NAME = AppIcon;
				CODE_SIGN_STYLE = Automatic;
				DEVELOPMENT_ASSET_PATHS = "SwiftUI-Todo-Redux/Preview\\ Content";
				ENABLE_PREVIEWS = YES;
				INFOPLIST_FILE = "SwiftUI-Todo-Redux/Info.plist";
				LD_RUNPATH_SEARCH_PATHS = (
					"$(inherited)",
					"@executable_path/Frameworks",
				);
				PRODUCT_BUNDLE_IDENTIFIER = "com.demo.SwiftUI-Todo-Redux";
				PRODUCT_NAME = "$(TARGET_NAME)";
				SWIFT_VERSION = 5.0;
				TARGETED_DEVICE_FAMILY = "1,2";
			};
			name = Release;
		};
/* End XCBuildConfiguration section */

/* Begin XCConfigurationList section */
		841655A722C029E6007DF30E /* Build configuration list for PBXNativeTarget "SwiftUI-Todo-ReduxTests" */ = {
			isa = XCConfigurationList;
			buildConfigurations = (
				841655A822C029E6007DF30E /* Debug */,
				841655A922C029E6007DF30E /* Release */,
			);
			defaultConfigurationIsVisible = 0;
			defaultConfigurationName = Release;
		};
		843B2B4222BE9B1D001E89B6 /* Build configuration list for PBXProject "SwiftUI-Todo-Redux" */ = {
			isa = XCConfigurationList;
			buildConfigurations = (
				843B2B5922BE9B1F001E89B6 /* Debug */,
				843B2B5A22BE9B1F001E89B6 /* Release */,
			);
			defaultConfigurationIsVisible = 0;
			defaultConfigurationName = Release;
		};
		843B2B5B22BE9B1F001E89B6 /* Build configuration list for PBXNativeTarget "SwiftUI-Todo-Redux" */ = {
			isa = XCConfigurationList;
			buildConfigurations = (
				843B2B5C22BE9B1F001E89B6 /* Debug */,
				843B2B5D22BE9B1F001E89B6 /* Release */,
			);
			defaultConfigurationIsVisible = 0;
			defaultConfigurationName = Release;
		};
/* End XCConfigurationList section */
	};
	rootObject = 843B2B3F22BE9B1D001E89B6 /* Project object */;
}
