// !$*UTF8*$!
{
	archiveVersion = 1;
	classes = {
	};
	objectVersion = 50;
	objects = {

/* Begin PBXBuildFile section */
		843B2B4B22BE9B1D001E89B6 /* AppDelegate.swift in Sources */ = {isa = PBXBuildFile; fileRef = 843B2B4A22BE9B1D001E89B6 /* AppDelegate.swift */; };
		843B2B4D22BE9B1D001E89B6 /* SceneDelegate.swift in Sources */ = {isa = PBXBuildFile; fileRef = 843B2B4C22BE9B1D001E89B6 /* SceneDelegate.swift */; };
		843B2B4F22BE9B1D001E89B6 /* ContentView.swift in Sources */ = {isa = PBXBuildFile; fileRef = 843B2B4E22BE9B1D001E89B6 /* ContentView.swift */; };
		843B2B5122BE9B1F001E89B6 /* Assets.xcassets in Resources */ = {isa = PBXBuildFile; fileRef = 843B2B5022BE9B1F001E89B6 /* Assets.xcassets */; };
		843B2B5422BE9B1F001E89B6 /* Preview Assets.xcassets in Resources */ = {isa = PBXBuildFile; fileRef = 843B2B5322BE9B1F001E89B6 /* Preview Assets.xcassets */; };
		843B2B5722BE9B1F001E89B6 /* LaunchScreen.storyboard in Resources */ = {isa = PBXBuildFile; fileRef = 843B2B5522BE9B1F001E89B6 /* LaunchScreen.storyboard */; };
/* End PBXBuildFile section */

/* Begin PBXFileReference section */
		843B2B4722BE9B1D001E89B6 /* SwiftUI-Todo-Redux.app */ = {isa = PBXFileReference; explicitFileType = wrapper.application; includeInIndex = 0; path = "SwiftUI-Todo-Redux.app"; sourceTree = BUILT_PRODUCTS_DIR; };
		843B2B4A22BE9B1D001E89B6 /* AppDelegate.swift */ = {isa = PBXFileReference; lastKnownFileType = sourcecode.swift; path = AppDelegate.swift; sourceTree = "<group>"; };
		843B2B4C22BE9B1D001E89B6 /* SceneDelegate.swift */ = {isa = PBXFileReference; lastKnownFileType = sourcecode.swift; path = SceneDelegate.swift; sourceTree = "<group>"; };
		843B2B4E22BE9B1D001E89B6 /* ContentView.swift */ = {isa = PBXFileReference; lastKnownFileType = sourcecode.swift; path = ContentView.swift; sourceTree = "<group>"; };
		843B2B5022BE9B1F001E89B6 /* Assets.xcassets */ = {isa = PBXFileReference; lastKnownFileType = folder.assetcatalog; path = Assets.xcassets; sourceTree = "<group>"; };
		843B2B5322BE9B1F001E89B6 /* Preview Assets.xcassets */ = {isa = PBXFileReference; lastKnownFileType = folder.assetcatalog; path = "Preview Assets.xcassets"; sourceTree = "<group>"; };
		843B2B5622BE9B1F001E89B6 /* Base */ = {isa = PBXFileReference; lastKnownFileType = file.storyboard; name = Base; path = Base.lproj/LaunchScreen.storyboard; sourceTree = "<group>"; };
		843B2B5822BE9B1F001E89B6 /* Info.plist */ = {isa = PBXFileReference; lastKnownFileType = text.plist.xml; path = Info.plist; sourceTree = "<group>"; };
/* End PBXFileReference section */

/* Begin PBXFrameworksBuildPhase section */
		843B2B4422BE9B1D001E89B6 /* Frameworks */ = {
			isa = PBXFrameworksBuildPhase;
			buildActionMask = 2147483647;
			files = (
			);
			runOnlyForDeploymentPostprocessing = 0;
		};
/* End PBXFrameworksBuildPhase section */

/* Begin PBXGroup section */
		843B2B3E22BE9B1D001E89B6 = {
			isa = PBXGroup;
			children = (
				843B2B4922BE9B1D001E89B6 /* SwiftUI-Todo-Redux */,
				843B2B4822BE9B1D001E89B6 /* Products */,
			);
			sourceTree = "<group>";
		};
		843B2B4822BE9B1D001E89B6 /* Products */ = {
			isa = PBXGroup;
			children = (
				843B2B4722BE9B1D001E89B6 /* SwiftUI-Todo-Redux.app */,
			);
			name = Products;
			sourceTree = "<group>";
		};
		843B2B4922BE9B1D001E89B6 /* SwiftUI-Todo-Redux */ = {
			isa = PBXGroup;
			children = (
				843B2B4A22BE9B1D001E89B6 /* AppDelegate.swift */,
				843B2B4C22BE9B1D001E89B6 /* SceneDelegate.swift */,
				843B2B4E22BE9B1D001E89B6 /* ContentView.swift */,
				843B2B5022BE9B1F001E89B6 /* Assets.xcassets */,
				843B2B5522BE9B1F001E89B6 /* LaunchScreen.storyboard */,
				843B2B5822BE9B1F001E89B6 /* Info.plist */,
				843B2B5222BE9B1F001E89B6 /* Preview Content */,
			);
			path = "SwiftUI-Todo-Redux";
			sourceTree = "<group>";
		};
		843B2B5222BE9B1F001E89B6 /* Preview Content */ = {
			isa = PBXGroup;
			children = (
				843B2B5322BE9B1F001E89B6 /* Preview Assets.xcassets */,
			);
			path = "Preview Content";
			sourceTree = "<group>";
		};
/* End PBXGroup section */

/* Begin PBXNativeTarget section */
		843B2B4622BE9B1D001E89B6 /* SwiftUI-Todo-Redux */ = {
			isa = PBXNativeTarget;
			buildConfigurationList = 843B2B5B22BE9B1F001E89B6 /* Build configuration list for PBXNativeTarget "SwiftUI-Todo-Redux" */;
			buildPhases = (
				843B2B4322BE9B1D001E89B6 /* Sources */,
				843B2B4422BE9B1D001E89B6 /* Frameworks */,
				843B2B4522BE9B1D001E89B6 /* Resources */,
			);
			buildRules = (
			);
			dependencies = (
			);
			name = "SwiftUI-Todo-Redux";
			productName = "SwiftUI-Todo-Redux";
			productReference = 843B2B4722BE9B1D001E89B6 /* SwiftUI-Todo-Redux.app */;
			productType = "com.apple.product-type.application";
		};
/* End PBXNativeTarget section */

/* Begin PBXProject section */
		843B2B3F22BE9B1D001E89B6 /* Project object */ = {
			isa = PBXProject;
			attributes = {
				LastSwiftUpdateCheck = 1100;
				LastUpgradeCheck = 1100;
				ORGANIZATIONNAME = admin;
				TargetAttributes = {
					843B2B4622BE9B1D001E89B6 = {
						CreatedOnToolsVersion = 11.0;
					};
				};
			};
			buildConfigurationList = 843B2B4222BE9B1D001E89B6 /* Build configuration list for PBXProject "SwiftUI-Todo-Redux" */;
			compatibilityVersion = "Xcode 9.3";
			developmentRegion = en;
			hasScannedForEncodings = 0;
			knownRegions = (
				en,
				Base,
			);
			mainGroup = 843B2B3E22BE9B1D001E89B6;
			productRefGroup = 843B2B4822BE9B1D001E89B6 /* Products */;
			projectDirPath = "";
			projectRoot = "";
			targets = (
				843B2B4622BE9B1D001E89B6 /* SwiftUI-Todo-Redux */,
			);
		};
/* End PBXProject section */

/* Begin PBXResourcesBuildPhase section */
		843B2B4522BE9B1D001E89B6 /* Resources */ = {
			isa = PBXResourcesBuildPhase;
			buildActionMask = 2147483647;
			files = (
				843B2B5722BE9B1F001E89B6 /* LaunchScreen.storyboard in Resources */,
				843B2B5422BE9B1F001E89B6 /* Preview Assets.xcassets in Resources */,
				843B2B5122BE9B1F001E89B6 /* Assets.xcassets in Resources */,
			);
			runOnlyForDeploymentPostprocessing = 0;
		};
/* End PBXResourcesBuildPhase section */

/* Begin PBXSourcesBuildPhase section */
		843B2B4322BE9B1D001E89B6 /* Sources */ = {
			isa = PBXSourcesBuildPhase;
			buildActionMask = 2147483647;
			files = (
				843B2B4B22BE9B1D001E89B6 /* AppDelegate.swift in Sources */,
				843B2B4D22BE9B1D001E89B6 /* SceneDelegate.swift in Sources */,
				843B2B4F22BE9B1D001E89B6 /* ContentView.swift in Sources */,
			);
			runOnlyForDeploymentPostprocessing = 0;
		};
/* End PBXSourcesBuildPhase section */

/* Begin PBXVariantGroup section */
		843B2B5522BE9B1F001E89B6 /* LaunchScreen.storyboard */ = {
			isa = PBXVariantGroup;
			children = (
				843B2B5622BE9B1F001E89B6 /* Base */,
			);
			name = LaunchScreen.storyboard;
			sourceTree = "<group>";
		};
/* End PBXVariantGroup section */

/* Begin XCBuildConfiguration section */
		843B2B5922BE9B1F001E89B6 /* Debug */ = {
			isa = XCBuildConfiguration;
			buildSettings = {
				ALWAYS_SEARCH_USER_PATHS = NO;
				CLANG_ANALYZER_NONNULL = YES;
				CLANG_ANALYZER_NUMBER_OBJECT_CONVERSION = YES_AGGRESSIVE;
				CLANG_CXX_LANGUAGE_STANDARD = "gnu++14";
				CLANG_CXX_LIBRARY = "libc++";
				CLANG_ENABLE_MODULES = YES;
				CLANG_ENABLE_OBJC_ARC = YES;
				CLANG_ENABLE_OBJC_WEAK = YES;
				CLANG_WARN_BLOCK_CAPTURE_AUTORELEASING = YES;
				CLANG_WARN_BOOL_CONVERSION = YES;
				CLANG_WARN_COMMA = YES;
				CLANG_WARN_CONSTANT_CONVERSION = YES;
				CLANG_WARN_DEPRECATED_OBJC_IMPLEMENTATIONS = YES;
				CLANG_WARN_DIRECT_OBJC_ISA_USAGE = YES_ERROR;
				CLANG_WARN_DOCUMENTATION_COMMENTS = YES;
				CLANG_WARN_EMPTY_BODY = YES;
				CLANG_WARN_ENUM_CONVERSION = YES;
				CLANG_WARN_INFINITE_RECURSION = YES;
				CLANG_WARN_INT_CONVERSION = YES;
				CLANG_WARN_NON_LITERAL_NULL_CONVERSION = YES;
				CLANG_WARN_OBJC_IMPLICIT_RETAIN_SELF = YES;
				CLANG_WARN_OBJC_LITERAL_CONVERSION = YES;
				CLANG_WARN_OBJC_ROOT_CLASS = YES_ERROR;
				CLANG_WARN_RANGE_LOOP_ANALYSIS = YES;
				CLANG_WARN_STRICT_PROTOTYPES = YES;
				CLANG_WARN_SUSPICIOUS_MOVE = YES;
				CLANG_WARN_UNGUARDED_AVAILABILITY = YES_AGGRESSIVE;
				CLANG_WARN_UNREACHABLE_CODE = YES;
				CLANG_WARN__DUPLICATE_METHOD_MATCH = YES;
				COPY_PHASE_STRIP = NO;
				DEBUG_INFORMATION_FORMAT = dwarf;
				ENABLE_STRICT_OBJC_MSGSEND = YES;
				ENABLE_TESTABILITY = YES;
				GCC_C_LANGUAGE_STANDARD = gnu11;
				GCC_DYNAMIC_NO_PIC = NO;
				GCC_NO_COMMON_BLOCKS = YES;
				GCC_OPTIMIZATION_LEVEL = 0;
				GCC_PREPROCESSOR_DEFINITIONS = (
					"DEBUG=1",
					"$(inherited)",
				);
				GCC_WARN_64_TO_32_BIT_CONVERSION = YES;
				GCC_WARN_ABOUT_RETURN_TYPE = YES_ERROR;
				GCC_WARN_UNDECLARED_SELECTOR = YES;
				GCC_WARN_UNINITIALIZED_AUTOS = YES_AGGRESSIVE;
				GCC_WARN_UNUSED_FUNCTION = YES;
				GCC_WARN_UNUSED_VARIABLE = YES;
				IPHONEOS_DEPLOYMENT_TARGET = 13.0;
				MTL_ENABLE_DEBUG_INFO = INCLUDE_SOURCE;
				MTL_FAST_MATH = YES;
				ONLY_ACTIVE_ARCH = YES;
				SDKROOT = iphoneos;
				SWIFT_ACTIVE_COMPILATION_CONDITIONS = DEBUG;
				SWIFT_OPTIMIZATION_LEVEL = "-Onone";
			};
			name = Debug;
		};
		843B2B5A22BE9B1F001E89B6 /* Release */ = {
			isa = XCBuildConfiguration;
			buildSettings = {
				ALWAYS_SEARCH_USER_PATHS = NO;
				CLANG_ANALYZER_NONNULL = YES;
				CLANG_ANALYZER_NUMBER_OBJECT_CONVERSION = YES_AGGRESSIVE;
				CLANG_CXX_LANGUAGE_STANDARD = "gnu++14";
				CLANG_CXX_LIBRARY = "libc++";
				CLANG_ENABLE_MODULES = YES;
				CLANG_ENABLE_OBJC_ARC = YES;
				CLANG_ENABLE_OBJC_WEAK = YES;
				CLANG_WARN_BLOCK_CAPTURE_AUTORELEASING = YES;
				CLANG_WARN_BOOL_CONVERSION = YES;
				CLANG_WARN_COMMA = YES;
				CLANG_WARN_CONSTANT_CONVERSION = YES;
				CLANG_WARN_DEPRECATED_OBJC_IMPLEMENTATIONS = YES;
				CLANG_WARN_DIRECT_OBJC_ISA_USAGE = YES_ERROR;
				CLANG_WARN_DOCUMENTATION_COMMENTS = YES;
				CLANG_WARN_EMPTY_BODY = YES;
				CLANG_WARN_ENUM_CONVERSION = YES;
				CLANG_WARN_INFINITE_RECURSION = YES;
				CLANG_WARN_INT_CONVERSION = YES;
				CLANG_WARN_NON_LITERAL_NULL_CONVERSION = YES;
				CLANG_WARN_OBJC_IMPLICIT_RETAIN_SELF = YES;
				CLANG_WARN_OBJC_LITERAL_CONVERSION = YES;
				CLANG_WARN_OBJC_ROOT_CLASS = YES_ERROR;
				CLANG_WARN_RANGE_LOOP_ANALYSIS = YES;
				CLANG_WARN_STRICT_PROTOTYPES = YES;
				CLANG_WARN_SUSPICIOUS_MOVE = YES;
				CLANG_WARN_UNGUARDED_AVAILABILITY = YES_AGGRESSIVE;
				CLANG_WARN_UNREACHABLE_CODE = YES;
				CLANG_WARN__DUPLICATE_METHOD_MATCH = YES;
				COPY_PHASE_STRIP = NO;
				DEBUG_INFORMATION_FORMAT = "dwarf-with-dsym";
				ENABLE_NS_ASSERTIONS = NO;
				ENABLE_STRICT_OBJC_MSGSEND = YES;
				GCC_C_LANGUAGE_STANDARD = gnu11;
				GCC_NO_COMMON_BLOCKS = YES;
				GCC_WARN_64_TO_32_BIT_CONVERSION = YES;
				GCC_WARN_ABOUT_RETURN_TYPE = YES_ERROR;
				GCC_WARN_UNDECLARED_SELECTOR = YES;
				GCC_WARN_UNINITIALIZED_AUTOS = YES_AGGRESSIVE;
				GCC_WARN_UNUSED_FUNCTION = YES;
				GCC_WARN_UNUSED_VARIABLE = YES;
				IPHONEOS_DEPLOYMENT_TARGET = 13.0;
				MTL_ENABLE_DEBUG_INFO = NO;
				MTL_FAST_MATH = YES;
				SDKROOT = iphoneos;
				SWIFT_COMPILATION_MODE = wholemodule;
				SWIFT_OPTIMIZATION_LEVEL = "-O";
				VALIDATE_PRODUCT = YES;
			};
			name = Release;
		};
		843B2B5C22BE9B1F001E89B6 /* Debug */ = {
			isa = XCBuildConfiguration;
			buildSettings = {
				ASSETCATALOG_COMPILER_APPICON_NAME = AppIcon;
				CODE_SIGN_STYLE = Automatic;
				DEVELOPMENT_ASSET_PATHS = "SwiftUI-Todo-Redux/Preview\\ Content";
				ENABLE_PREVIEWS = YES;
				INFOPLIST_FILE = "SwiftUI-Todo-Redux/Info.plist";
				LD_RUNPATH_SEARCH_PATHS = (
					"$(inherited)",
					"@executable_path/Frameworks",
				);
				PRODUCT_BUNDLE_IDENTIFIER = "com.demo.SwiftUI-Todo-Redux";
				PRODUCT_NAME = "$(TARGET_NAME)";
				SWIFT_VERSION = 5.0;
				TARGETED_DEVICE_FAMILY = "1,2";
			};
			name = Debug;
		};
		843B2B5D22BE9B1F001E89B6 /* Release */ = {
			isa = XCBuildConfiguration;
			buildSettings = {
				ASSETCATALOG_COMPILER_APPICON_NAME = AppIcon;
				CODE_SIGN_STYLE = Automatic;
				DEVELOPMENT_ASSET_PATHS = "SwiftUI-Todo-Redux/Preview\\ Content";
				ENABLE_PREVIEWS = YES;
				INFOPLIST_FILE = "SwiftUI-Todo-Redux/Info.plist";
				LD_RUNPATH_SEARCH_PATHS = (
					"$(inherited)",
					"@executable_path/Frameworks",
				);
				PRODUCT_BUNDLE_IDENTIFIER = "com.demo.SwiftUI-Todo-Redux";
				PRODUCT_NAME = "$(TARGET_NAME)";
				SWIFT_VERSION = 5.0;
				TARGETED_DEVICE_FAMILY = "1,2";
			};
			name = Release;
		};
/* End XCBuildConfiguration section */

/* Begin XCConfigurationList section */
		843B2B4222BE9B1D001E89B6 /* Build configuration list for PBXProject "SwiftUI-Todo-Redux" */ = {
			isa = XCConfigurationList;
			buildConfigurations = (
				843B2B5922BE9B1F001E89B6 /* Debug */,
				843B2B5A22BE9B1F001E89B6 /* Release */,
			);
			defaultConfigurationIsVisible = 0;
			defaultConfigurationName = Release;
		};
		843B2B5B22BE9B1F001E89B6 /* Build configuration list for PBXNativeTarget "SwiftUI-Todo-Redux" */ = {
			isa = XCConfigurationList;
			buildConfigurations = (
				843B2B5C22BE9B1F001E89B6 /* Debug */,
				843B2B5D22BE9B1F001E89B6 /* Release */,
			);
			defaultConfigurationIsVisible = 0;
			defaultConfigurationName = Release;
		};
/* End XCConfigurationList section */
	};
	rootObject = 843B2B3F22BE9B1D001E89B6 /* Project object */;
}
